GEM
  remote: https://rubygems.org/
  specs:
    activesupport (8.1.4)
      base64
      bigdecimal
      concurrent-ruby (~> 1.0, >= 1.3.1)
      connection_pool (>= 2.2.5)
      drb
      i18n (>= 1.6, < 2)
      json
      logger (>= 1.4.2)
      minitest (>= 5.1)
      securerandom (>= 0.3)
      tzinfo (~> 2.0, >= 2.0.5)
      uri (>= 0.13.1)
    addressable (2.9.0)
      public_suffix (>= 2.0.2, < 8.0)
    algolia (2.3.4)
      faraday (>= 0.15, < 3)
      faraday-net_http_persistent (>= 0.15, < 3)
      multi_json (~> 1.0)
      net-http-persistent
    ansi (1.6.0)
    asciidoctor (2.0.26)
    ast (2.4.3)
    base64 (0.3.0)
    bcp47_spec (0.2.1)
    benchmark (0.5.0)
    benchmark-ips (2.15.1)
    bibtex-ruby (6.2.0)
      latex-decode (~> 0.0)
      logger (~> 1.7)
      racc (~> 1.7)
    bigdecimal (4.1.3)
    bindata (2.5.1)
    brotli (0.8.0)
    builder (3.3.0)
    cabriolet (0.2.4)
      bindata (~> 2.5)
      fractor (~> 0.1)
      thor (~> 1.3)
    camertron-eprun (1.1.1)
    canon (0.3.76)
      diff-lcs
      json
      leptris (~> 1.9.277)
      moxml (~> 0.5.96)
      paint
      rainbow
      table_tennis
      thor
      unicode-name
      yeptris (~> 0.6.26)
    cldr-plurals-runtime-rb (1.1.0)
    cliver (0.3.2)
    cnccs (0.1.6)
    concurrent-ruby (1.3.8)
    connection_pool (3.0.2)
    coradoc (1.1.8)
      base64
      marcel (~> 1.0.0)
      nokogiri (~> 1.13)
      oscal (~> 0.1.1)
      parslet
      plurimath
      thor (>= 1.3.0)
      unitsml
      word-to-markdown
    crass (1.0.7)
    css_parser (3.2.0)
      addressable
      base64
      ssrf_filter (~> 1.5)
    csv (3.3.6)
    date (3.5.1)
    diff-lcs (2.0.0)
    domain_name (0.6.20260921)
    down (5.6.0)
      addressable (~> 2.8)
      base64 (~> 0.3)
    drb (2.2.3)
    ea (0.6.1)
      benchmark
      liquid
      lutaml-model
      lutaml-path
      nokogiri (~> 1.18)
      rubyzip
      sqlite3
      thor (~> 1.4)
      xmi (~> 0.7)
    ebnf (2.6.0)
      base64 (~> 0.2)
      htmlentities (~> 4.3)
      rdf (~> 3.3)
      scanf (~> 1.0)
      sxp (~> 2.0)
      unicode-types (~> 1.8)
    emf (0.1.0)
      bindata (~> 2.4)
    emfsvg (0.1.2)
      base64
      bigdecimal
      emf (~> 0.1)
      fontisan
      libpng (~> 1.6)
      nokogiri (~> 1.16)
    excavate (1.1.1)
      cabriolet (~> 0.2.4)
      omnizip (~> 0.3.11)
      thor (~> 1.0)
    expressir (2.4.5)
      base64
      benchmark
      benchmark-ips
      csv
      liquid
      lutaml-model (~> 0.8.0)
      moxml
      nokogiri
      paint
      parsanol (~> 1.3.9, >= 1.3.9)
      ruby-progressbar (~> 1.11)
      rubyzip
      table_tennis
      thor (~> 1.0)
      yeptris (~> 0.6.1)
    faraday (2.7.12)
      base64
      faraday-net_http (>= 2.0, < 3.1)
      ruby2_keywords (>= 0.0.4)
    faraday-follow_redirects (0.5.0)
      faraday (>= 1, < 3)
    faraday-net_http (3.0.2)
    faraday-net_http_persistent (2.3.1)
      faraday (~> 2.5)
      net-http-persistent (>= 4.0.4, < 5)
    faraday-retry (2.4.0)
      faraday (~> 2.0)
    ferrum (0.18.0)
      addressable (~> 2.5)
      base64 (~> 0.2)
      concurrent-ruby (~> 1.1)
      websocket-driver (~> 0.7)
    ffi (1.17.4-aarch64-linux-gnu)
    ffi (1.17.4-aarch64-linux-musl)
    ffi (1.17.4-arm-linux-gnu)
    ffi (1.17.4-arm-linux-musl)
    ffi (1.17.4-arm64-darwin)
    ffi (1.17.4-x86_64-darwin)
    ffi (1.17.4-x86_64-linux-gnu)
    ffi (1.17.4-x86_64-linux-musl)
    fiber-storage (1.0.1)
    fontisan (0.4.45)
      base64
      bindata (~> 2.5)
      brotli (~> 0.5)
      logger
      lutaml-model (~> 0.8)
      nokogiri (~> 1.16)
      thor (~> 1.3)
    fontist (3.0.11)
      down (~> 5.0)
      excavate (~> 1.0, >= 1.0.3)
      fontisan (~> 0.4, >= 0.4.9)
      fuzzy_match (~> 2.1)
      git (> 1.0)
      json (~> 2.0)
      lutaml-model (~> 0.8.0)
      marcel (~> 1.0)
      nokogiri (~> 1.0)
      octokit (~> 4.0)
      paint (~> 2.3)
      parallel (~> 1.24)
      plist (~> 3.0)
      socksify (~> 1.7)
      thor (~> 1.4)
      unibuf (~> 0.1)
    fractor (0.1.11)
      benchmark
      logger
    fuzzy_match (2.1.0)
    gb-agencies (0.0.7)
    git (5.6.0)
      activesupport (>= 5.0)
      addressable (~> 2.8)
      process_executer (~> 4.1)
      rchardet (~> 1.9)
    glossarist (2.13.12)
      lutaml-model (~> 0.8.15)
      lutaml-store (~> 0.2.0)
      paint (~> 2.3)
      rdf-turtle (~> 3.3)
      relaton (>= 2.0.0, < 3)
      rubyzip (>= 2.3, < 3)
      shacl (~> 0.4)
      sts (~> 0.5.6)
      table_tennis (~> 0.0)
      tbx (~> 0.1)
      thor
    graphql (2.6.11)
      base64
      fiber-storage
      logger
    graphql-client (0.26.0)
      activesupport (>= 3.0)
      graphql (>= 1.13.0)
    hollaback (0.1.1)
    html2doc (1.12.0)
      base64
      htmlentities (~> 4.3.4)
      marcel
      metanorma-utils (>= 1.9.0)
      nokogiri (~> 1.19)
      plane1converter (~> 0.0.1)
      plurimath (~> 0.11.6)
      thread_safe
      uuidtools
      vectory (~> 0.10)
    htmlentities (4.3.4)
    http-cookie (1.1.6)
      domain_name (~> 0.5)
    i18n (1.15.2)
      concurrent-ruby (~> 1.0)
    ieee-idams (0.3.0)
      lutaml-model (~> 0.8.0)
      nokogiri
      thor
    image_size (3.6.0)
    io-console (0.9.4)
    iso-639 (0.3.8)
      csv
    iso639 (1.4.0)
    isodoc (3.7.3)
      base64
      bigdecimal
      html2doc (~> 1.12)
      mn-requirements (~> 0.5.0)
      mn2pdf (>= 2.13)
      relaton-cli (>= 2.1.0, < 3.1.0)
      relaton-render (~> 1.3.0)
      roman-numerals
      rouge (~> 4.0)
      thread_safe
      twitter_cldr (>= 6.6.0)
      uuidtools
    isodoc-i18n (1.5.3)
      base64
      htmlentities (~> 4.3.4)
      japanese_calendar
      liquid (~> 5)
      metanorma-utils (>= 1.7.0)
      roman-numerals
      twitter_cldr
    isoics (0.1.13)
    japanese_calendar (0.4.2)
    json (2.21.2)
    json-canonicalization (1.0.0)
    json-ld (3.3.2)
      htmlentities (~> 4.3)
      json-canonicalization (~> 1.0)
      link_header (~> 0.0, >= 0.0.8)
      multi_json (~> 1.15)
      rack (>= 2.2, < 4)
      rdf (~> 3.3)
      rexml (~> 3.2)
    latex-decode (0.4.2)
    leptris (1.9.282.0-aarch64-linux)
      ffi (~> 1.15)
    leptris (1.9.282.0-aarch64-linux-musl)
      ffi (~> 1.15)
    leptris (1.9.282.0-arm-linux)
      ffi (~> 1.15)
    leptris (1.9.282.0-arm-linux-musl)
      ffi (~> 1.15)
    leptris (1.9.282.0-arm64-darwin)
      ffi (~> 1.15)
    leptris (1.9.282.0-x86_64-darwin)
      ffi (~> 1.15)
    leptris (1.9.282.0-x86_64-linux)
      ffi (~> 1.15)
    leptris (1.9.282.0-x86_64-linux-musl)
      ffi (~> 1.15)
    libpng (1.6.58.6)
      ffi (~> 1.0)
      mini_portile2 (~> 2.8)
    libpng (1.6.58.6-aarch64-linux)
      ffi (~> 1.0)
    libpng (1.6.58.6-aarch64-linux-musl)
      ffi (~> 1.0)
    libpng (1.6.58.6-arm64-darwin)
      ffi (~> 1.0)
    libpng (1.6.58.6-x86_64-darwin)
      ffi (~> 1.0)
    libpng (1.6.58.6-x86_64-linux)
      ffi (~> 1.0)
    libpng (1.6.58.6-x86_64-linux-musl)
      ffi (~> 1.0)
    lightly (0.4.0)
    link_header (0.0.8)
    liquid (5.14.0)
      bigdecimal
      strscan (>= 3.1.1)
    loc_mods (0.3.0)
      lutaml-model (~> 0.8.0)
      nokogiri
      thor
    logger (1.7.0)
    lutaml-hal (0.2.5)
      faraday (~> 2.0)
      faraday-follow_redirects (~> 0.3)
      lutaml-model
      lutaml-store (~> 0.2)
      rainbow (~> 3.0)
    lutaml-lml (0.1.6)
      lutaml-model (~> 0.8.0)
      moxml (>= 0.1.24)
      parsanol (~> 1.3.57)
      ruby-graphviz
    lutaml-model (0.8.29)
      base64
      bigdecimal
      canon
      concurrent-ruby
      liquid (>= 4.0, < 6.0)
      moxml (~> 0.5.56)
      ostruct
      rubyzip (~> 2.3)
      thor
    lutaml-path (0.1.0)
      parslet
    lutaml-store (0.2.4)
      lutaml-model (~> 0.8.15)
      rubyzip (>= 2.3, < 4)
    lutaml-uml (1.0.2)
      lutaml-model (~> 0.8.0)
      rubyzip
    marcel (1.0.4)
    matrix (0.4.3)
    mechanize (2.14.1)
      addressable (~> 2.8)
      base64
      domain_name (~> 0.5, >= 0.5.20190701)
      http-cookie (~> 1.0, >= 1.0.3)
      mime-types (~> 3.3)
      net-http-digest_auth (~> 1.4, >= 1.4.1)
      net-http-persistent (>= 2.5.2, < 5.0.dev)
      nkf
      nokogiri (~> 1.11, >= 1.11.2)
      rubyntlm (~> 0.6, >= 0.6.3)
      webrick (~> 1.7)
      webrobots (~> 0.1.2)
    memo_wise (1.13.0)
    metanorma (2.5.5)
      asciidoctor
      concurrent-ruby
      fontist (>= 2.1.2)
      htmlentities
      isodoc (>= 3.5.0)
      marcel
      metanorma-core
      metanorma-standoc
      mn2pdf (~> 2)
      nokogiri
      relaton-cli
    metanorma-bipm (2.9.0)
      metanorma-generic (~> 3.5.0)
      metanorma-iso (~> 3.5.0)
    metanorma-cc (2.9.0)
      metanorma-generic (~> 3.5.0)
    metanorma-cli (1.17.0)
      canon (>= 0.2.12)
      git (>= 3.0)
      liquid (~> 5)
      lutaml-model
      metanorma (~> 2.5.1)
      metanorma-bipm (~> 2.9.0)
      metanorma-cc (~> 2.9.0)
      metanorma-generic (~> 3.5.0)
      metanorma-iec (~> 2.9.0)
      metanorma-ieee (~> 1.7.0)
      metanorma-ietf (~> 3.7.0)
      metanorma-iho (~> 1.4.0)
      metanorma-iso (~> 3.5.0)
      metanorma-itu (~> 2.9.0)
      metanorma-jis (~> 1.2.0)
      metanorma-ogc (~> 2.10.0)
      metanorma-plateau (~> 1.3.0)
      metanorma-ribose (~> 2.9.0)
      metanorma-standoc (~> 3.5.0)
      mnconvert
      relaton-cli (>= 0.8.2)
      socksify
      suma (~> 0.5.0)
    metanorma-core (0.2.4)
      asciidoctor
      metanorma-taste (~> 1.1.0)
      metanorma-utils
      nokogiri
    metanorma-document (0.2.13)
      lutaml-model (~> 0.8.0)
    metanorma-generic (3.5.0)
      metanorma-standoc (~> 3.5.0)
    metanorma-iec (2.9.0)
      metanorma-iso (~> 3.5.0)
      pubid
    metanorma-ieee (1.7.0)
      metanorma-standoc (~> 3.5.0)
      mnconvert (~> 1.20)
      pubid
    metanorma-ietf (3.7.11)
      metanorma-ietf-data
      metanorma-standoc (~> 3.5.0)
      relaton-render
    metanorma-ietf-data (0.2.0)
    metanorma-iho (1.4.0)
      metanorma-generic (~> 3.5.0)
    metanorma-iso (3.5.0)
      metanorma-document (~> 0.2.0)
      metanorma-standoc (~> 3.5.0)
      mnconvert (~> 1.14)
      pubid
      sts (~> 0.5.3)
      tokenizer (~> 0.3.0)
    metanorma-itu (2.9.2)
      metanorma-standoc (~> 3.5.0)
      pubid
      twitter_cldr (>= 3.0.0)
      tzinfo-data
    metanorma-jis (1.2.0)
      japanese_calendar (~> 0)
      metanorma-iso (~> 3.5.0)
      pubid
    metanorma-ogc (2.10.0)
      iso-639
      metanorma-standoc (~> 3.5.0)
    metanorma-plateau (1.3.1)
      metanorma-jis (~> 1.2.0)
      pubid
    metanorma-plugin-glossarist (0.3.10)
      asciidoctor
      glossarist (~> 2.8, >= 2.8.16)
      liquid
      metanorma-utils
    metanorma-plugin-lutaml (0.7.53)
      asciidoctor
      coradoc (~> 1.1.8)
      ea
      expressir (~> 2.3, >= 2.3.5)
      isodoc
      liquid
      lutaml-lml
      lutaml-model (~> 0.8.4)
      lutaml-uml (>= 0.5, < 2)
      ogc-gml (~> 1.1)
      relaton-cli
    metanorma-plugin-plantuml (1.0.16)
      asciidoctor
    metanorma-ribose (2.9.0)
      metanorma-generic (~> 3.5.0)
    metanorma-standoc (3.5.0)
      addressable (~> 2.8)
      asciidoctor (~> 2.0.0)
      concurrent-ruby
      crass (~> 1.0.0)
      isodoc (~> 3.7.2)
      metanorma-core (~> 0.2.3)
      metanorma-plugin-glossarist (~> 0.3.0)
      metanorma-plugin-lutaml (~> 0.7.31)
      metanorma-plugin-plantuml (~> 1.0.0)
      metanorma-utils (~> 2.0.1)
      png_conform (~> 0.1.0)
      relaton-cli (~> 2.1.0)
      relaton-iev (~> 2.0.0)
      ruby-jing
      svg_conform (~> 0.1.0)
    metanorma-taste (1.1.2)
      lutaml-model (>= 0.8)
    metanorma-utils (2.0.7)
      asciidoctor (>= 2)
      concurrent-ruby
      csv
      htmlentities (~> 4.3.4)
      logger
      nokogiri (>= 1.11)
      sterile (~> 1.0.14)
      uuidtools
    mime-types (3.7.0)
      logger
      mime-types-data (~> 3.2025, >= 3.2025.0507)
    mime-types-data (3.2026.0929)
    mini_portile2 (2.8.9)
    minitest (6.0.6)
      drb (~> 2.0)
      prism (~> 1.5)
    mml (2.4.1)
      lutaml-model (~> 0.8.0)
      moxml
    mn-requirements (0.5.13)
      isodoc-i18n (>= 1.2.0)
      metanorma-core (>= 0.1.0)
      metanorma-utils (>= 2.0.0)
      relaton-render (>= 1.0.0)
    mn2pdf (2.72)
    mnconvert (1.89.0)
    moxml (0.5.97)
    multi_json (1.15.0)
    net-ftp (0.1.4)
      net-protocol
      time
    net-http-digest_auth (1.4.1)
    net-http-persistent (4.0.8)
      connection_pool (>= 2.2.4, < 4)
    net-protocol (0.4.0)
      timeout
    niso-jats (0.3.5)
      bigdecimal
      lutaml-model (~> 0.8.0)
      oasis-etm
    nkf (0.3.0)
    nokogiri (1.19.4-aarch64-linux-gnu)
      racc (~> 1.4)
    nokogiri (1.19.4-aarch64-linux-musl)
      racc (~> 1.4)
    nokogiri (1.19.4-arm-linux-gnu)
      racc (~> 1.4)
    nokogiri (1.19.4-arm-linux-musl)
      racc (~> 1.4)
    nokogiri (1.19.4-arm64-darwin)
      racc (~> 1.4)
    nokogiri (1.19.4-x86_64-darwin)
      racc (~> 1.4)
    nokogiri (1.19.4-x86_64-linux-gnu)
      racc (~> 1.4)
    nokogiri (1.19.4-x86_64-linux-musl)
      racc (~> 1.4)
    nokogiri-styles (0.1.2)
      nokogiri
    oasis-etm (0.2.1)
      lutaml-model (~> 0.8.0)
    octokit (4.25.1)
      faraday (>= 1, < 3)
      sawyer (~> 0.9)
    oga (3.5)
      ast
      ruby-ll (~> 2.2)
    ogc-gml (1.2.0)
      lutaml-model (~> 0.8.20)
      nokogiri
    omml (0.2.6)
      lutaml-model (>= 0.8.0, < 1.0)
      moxml (>= 0.1.18, < 0.6)
      oga (~> 3.4)
      ox (~> 2.14)
    omnizip (0.3.58)
      base64 (~> 0.2)
      bindata (~> 2.4)
      cabriolet (~> 0.2, >= 0.2.4)
      lutaml-model (~> 0.8)
      marcel (~> 1.0)
      rexml (~> 3.3)
    optout (0.0.2)
    oscal (0.1.1)
      yaml
    ostruct (0.6.3)
    ox (2.14.29)
      bigdecimal (>= 3.0)
    paint (2.3.0)
    parallel (1.28.0)
    parsanol (1.3.58-aarch64-linux)
    parsanol (1.3.58-aarch64-linux-musl)
    parsanol (1.3.58-arm-linux)
    parsanol (1.3.58-arm-linux-musl)
    parsanol (1.3.58-arm64-darwin)
    parsanol (1.3.58-x86_64-darwin)
    parsanol (1.3.58-x86_64-linux)
    parsanol (1.3.58-x86_64-linux-musl)
    parslet (2.0.0)
    plane1converter (0.0.1)
    plist (3.7.2)
    plurimath (0.11.8)
      bigdecimal
      htmlentities
      lutaml-model (~> 0.8.17)
      mml (~> 2.4.0)
      omml (~> 0.2.5)
      ostruct
      ox
      parslet
      thor
      unitsml (~> 0.6.4)
    png_conform (0.1.4)
      bindata (~> 2.5)
      lutaml-model (~> 0.7)
      paint (~> 2.3)
      thor (~> 1.4)
    postsvg (0.3.0)
      nokogiri
      parslet
      thor
    premailer (1.31.0)
      addressable
      css_parser (>= 1.19.0)
      htmlentities (>= 4.0.0)
    prism (1.9.0)
    process_executer (4.1.1)
      track_open_instances (~> 0.1)
    psych (5.2.6)
      date
      stringio
    pubid (1.15.21)
      pubid-bsi (= 1.15.21)
      pubid-ccsds (= 1.15.21)
      pubid-cen (= 1.15.21)
      pubid-core (= 1.15.21)
      pubid-etsi (= 1.15.21)
      pubid-iec (= 1.15.21)
      pubid-ieee (= 1.15.21)
      pubid-iho (= 1.15.21)
      pubid-iso (= 1.15.21)
      pubid-itu (= 1.15.21)
      pubid-jis (= 1.15.21)
      pubid-nist (= 1.15.21)
      pubid-plateau (= 1.15.21)
    pubid-bsi (1.15.21)
      parslet
      pubid-cen (= 1.15.21)
      pubid-core (= 1.15.21)
      pubid-iec (= 1.15.21)
      pubid-iso (= 1.15.21)
    pubid-ccsds (1.15.21)
      parslet
      pubid-core (= 1.15.21)
    pubid-cen (1.15.21)
      parslet
      pubid-core (= 1.15.21)
      pubid-iec (= 1.15.21)
      pubid-iso (= 1.15.21)
    pubid-core (1.15.21)
      parslet
    pubid-etsi (1.15.21)
      parslet
      pubid-core (= 1.15.21)
    pubid-iec (1.15.21)
      parslet
      pubid-core (= 1.15.21)
    pubid-ieee (1.15.21)
      parslet (~> 2.0.0)
      pubid-iso (= 1.15.21)
    pubid-iho (1.15.21)
      parslet
      pubid-core (= 1.15.21)
    pubid-iso (1.15.21)
      parslet
      pubid-core (= 1.15.21)
    pubid-itu (1.15.21)
      parslet
      pubid-core (= 1.15.21)
    pubid-jis (1.15.21)
      parslet
      pubid-core (= 1.15.21)
    pubid-nist (1.15.21)
      lightly
      nokogiri
      parslet
      pubid-core (= 1.15.21)
      rubyzip
      thor
    pubid-plateau (1.15.21)
      parslet
      pubid-core (= 1.15.21)
    public_suffix (7.0.5)
    racc (1.8.1)
    rack (3.2.7)
    rainbow (3.1.1)
    rchardet (1.10.2)
    rdf (3.3.1)
      bcp47_spec (~> 0.2)
      link_header (~> 0.0, >= 0.0.8)
    rdf-aggregate-repo (3.3.0)
      rdf (~> 3.3)
    rdf-turtle (3.3.0)
      ebnf (~> 2.4)
      rdf (~> 3.3)
    rdf-xsd (3.3.0)
      rdf (~> 3.3)
      rexml (~> 3.2)
    readline (0.0.4)
      reline
    relaton (2.1.0)
      relaton-3gpp (~> 2.1.0)
      relaton-bipm (~> 2.1.0)
      relaton-bsi (~> 2.1.0)
      relaton-calconnect (~> 2.1.0)
      relaton-ccsds (~> 2.1.0)
      relaton-cen (~> 2.1.0)
      relaton-cie (~> 2.1.0)
      relaton-doi (~> 2.1.0)
      relaton-ecma (~> 2.1.0)
      relaton-etsi (~> 2.1.0)
      relaton-gb (~> 2.1.0)
      relaton-iana (~> 2.1.0)
      relaton-iec (~> 2.1.0)
      relaton-ieee (~> 2.1.0)
      relaton-ietf (~> 2.1.0)
      relaton-iho (~> 2.1.0)
      relaton-isbn (~> 2.1.0)
      relaton-iso (~> 2.1.0)
      relaton-itu (~> 2.1.0)
      relaton-jis (~> 2.1.0)
      relaton-nist (~> 2.1.0)
      relaton-oasis (~> 2.1.0)
      relaton-ogc (~> 2.1.0)
      relaton-omg (~> 2.1.0)
      relaton-plateau (~> 2.1.0)
      relaton-un (~> 2.1.0)
      relaton-w3c (~> 2.1.0)
      relaton-xsf (~> 2.1.0)
    relaton-3gpp (2.1.4)
      csv
      net-ftp (~> 0.1.0)
      relaton-bib (~> 2.1.0)
      relaton-core (~> 0.0.12)
      relaton-index (~> 0.2.0)
    relaton-bib (2.1.9)
      bibtex-ruby
      iso639
      isoics (~> 0.1.0)
      lutaml-model (~> 0.8.0)
      nokogiri (>= 1.16)
      psych (~> 5.2.0)
      relaton-core (~> 0.0.8)
      relaton-logger (~> 0.2.0)
      rfcxml (~> 0.4.3)
    relaton-bipm (2.1.3)
      faraday (~> 2.7.0)
      mechanize (~> 2.10)
      niso-jats (~> 0.3.4)
      parslet (~> 2.0.0)
      relaton-bib (~> 2.1.0)
      relaton-core (~> 0.0.12)
      relaton-index (~> 0.2.2)
      rubyzip (~> 2.3.0)
    relaton-bsi (2.1.0)
      algolia (~> 2.3.0)
      faraday-net_http_persistent (~> 2.0)
      graphql (~> 2.3)
      graphql-client (~> 0.23)
      relaton-core (~> 0.0.9)
      relaton-iso (~> 2.1.0)
    relaton-calconnect (2.1.2)
      addressable (~> 2.8)
      mechanize (~> 2.10)
      relaton-bib (~> 2.1.0)
      relaton-core (~> 0.0.12)
      relaton-index (~> 0.2.0)
      rubyzip (~> 2.3)
    relaton-ccsds (2.1.2)
      csv (~> 3.3)
      mechanize (~> 2.10)
      pubid-ccsds (~> 1.15.2)
      relaton-bib (~> 2.1.0)
      relaton-core (~> 0.0.9)
      relaton-index (~> 0.2.16)
    relaton-cen (2.1.0)
      isoics (~> 0.1)
      mechanize (~> 2.10)
      relaton-bib (~> 2.1.0)
      relaton-core (~> 0.0.9)
    relaton-cie (2.1.2)
      ferrum (~> 0.17)
      mechanize (~> 2.10)
      parslet (~> 2.0.0)
      relaton-bib (~> 2.1.0)
      relaton-core (~> 0.0.12)
      relaton-index (~> 0.2.0)
    relaton-cli (2.1.2)
      liquid (~> 5)
      relaton (~> 2.1.0)
      thor
      thor-hollaback
    relaton-core (0.0.13)
      nokogiri (>= 1.16)
      psych (~> 5.2.0)
      relaton-logger (~> 0.2.0)
    relaton-doi (2.1.4)
      mechanize (~> 2.0)
      relaton-bib (~> 2.1.9)
      relaton-bipm (~> 2.1.0)
      relaton-ieee (~> 2.1.0)
      relaton-ietf (~> 2.1.0)
      relaton-nist (~> 2.1.0)
    relaton-ecma (2.1.1)
      mechanize (~> 2.10)
      relaton-bib (~> 2.1.0)
      relaton-core (~> 0.0.12)
      relaton-index (~> 0.2.4)
    relaton-etsi (2.1.3)
      mechanize (~> 2.8)
      relaton-bib (~> 2.1.0)
      relaton-core (~> 0.0.13)
      relaton-index (~> 0.2.7)
    relaton-gb (2.1.0)
      cnccs (~> 0.1.1)
      csv (~> 3.0)
      gb-agencies (~> 0.0.1)
      mechanize (~> 2.10)
      relaton-core (~> 0.0.13)
      relaton-iso (~> 2.1.0)
    relaton-iana (2.1.1)
      faraday (~> 2.7.0)
      relaton-bib (~> 2.1.0)
      relaton-core (~> 0.0.13)
      relaton-index (~> 0.2.0)
    relaton-iec (2.1.2)
      addressable
      base64
      pubid-iec (~> 1.15.21)
      relaton-core (~> 0.0.13)
      relaton-index (~> 0.2.20)
      relaton-iso (~> 2.1.0)
      rubyzip
    relaton-ieee (2.1.2)
      faraday (~> 2.7.0)
      ieee-idams (~> 0.3.0)
      mini_portile2 (~> 2.8.0)
      relaton-bib (~> 2.1.0)
      relaton-core (~> 0.0.13)
      relaton-index (~> 0.2.0)
      rubyzip (~> 2.3.0)
    relaton-ietf (2.1.3)
      base64
      parallel (~> 1.26)
      relaton-bib (~> 2.1.0)
      relaton-core (~> 0.0.13)
      relaton-index (~> 0.2.3)
    relaton-iev (2.0.2)
      htmlentities (~> 4.3.4)
      nokogiri (>= 1.13.0)
      relaton (>= 2.0.0.pre.alpha.1, < 4)
      uuidtools
    relaton-iho (2.1.2)
      base64
      pubid-iho (~> 1.15.16)
      relaton-bib (~> 2.1.0)
      relaton-core (~> 0.0.13)
      relaton-index (~> 0.2.0)
    relaton-index (0.2.22)
      pubid-core (~> 1.15.6)
      relaton-logger (~> 0.2.0)
      rubyzip (~> 2.3.0)
    relaton-isbn (2.1.0)
      isoics (~> 0.1.0)
      relaton-bib (~> 2.1.0)
      relaton-core (~> 0.0.13)
    relaton-iso (2.1.6)
      isoics (~> 0.1.6)
      pubid-iso (~> 1.15.20)
      relaton-bib (~> 2.1.0)
      relaton-core (~> 0.0.12)
      relaton-index (~> 0.2.12)
    relaton-itu (2.1.2)
      mechanize (~> 2.10)
      parslet (~> 2.0.0)
      relaton-bib (~> 2.1.0)
      relaton-core (~> 0.0.13)
      relaton-index (~> 0.2.0)
    relaton-jis (2.1.1)
      mechanize (~> 2.10)
      relaton-core (~> 0.0.13)
      relaton-index (~> 0.2.0)
      relaton-iso (~> 2.1.0)
    relaton-logger (0.2.4)
      logger (~> 1.6)
    relaton-nist (2.1.1)
      base64
      loc_mods (~> 0.3.0)
      mechanize (~> 2.0)
      pubid (~> 1.15.6)
      relaton-bib (~> 2.1.0)
      relaton-core (~> 0.0.13)
      relaton-index (~> 0.2.0)
      rubyzip
    relaton-oasis (2.1.2)
      ferrum (~> 0.17)
      mechanize (~> 2.10)
      multi_json (~> 1.15.0)
      relaton-bib (~> 2.1.0)
      relaton-core (~> 0.0.13)
      relaton-index (~> 0.2.0)
    relaton-ogc (2.1.1)
      faraday (~> 2.7)
      relaton-core (~> 0.0.13)
      relaton-index (~> 0.2.0)
      relaton-iso (~> 2.1.0)
    relaton-omg (2.1.0)
      base64
      mechanize (~> 2.8)
      relaton-bib (~> 2.1.0)
      relaton-core (~> 0.0.13)
    relaton-plateau (2.1.1)
      base64
      relaton-core (~> 0.0.13)
      relaton-index (~> 0.2.12)
      relaton-iso (~> 2.1.0)
      relaton-logger (~> 0.2.0)
    relaton-render (1.3.0)
      base64
      bigdecimal
      isodoc-i18n (~> 1.5.0)
      liquid (~> 5)
      metanorma-utils (~> 2)
      nokogiri
      relaton-bib (>= 2.0.0.pre.alpha.6, < 3)
      twitter_cldr
      tzinfo-data
    relaton-un (2.1.1)
      addressable (~> 2.8)
      faraday (~> 2.7)
      relaton-bib (~> 2.1.0)
      relaton-core (~> 0.0.13)
    relaton-w3c (2.1.4)
      relaton-bib (~> 2.1.0)
      relaton-core (~> 0.0.13)
      relaton-index (~> 0.2.8)
      w3c_api (~> 0.3.2)
    relaton-xsf (2.1.1)
      mechanize (~> 2.10)
      relaton-bib (~> 2.1.0)
      relaton-core (~> 0.0.13)
      relaton-index (~> 0.2.0)
    reline (0.7.0)
      io-console (~> 0.5)
    reverse_markdown (2.1.1)
      nokogiri
    rexml (3.4.4)
    rfcxml (0.4.5)
      lutaml-model (~> 0.8.0)
      nokogiri
    roman-numerals (0.3.0)
    rouge (4.7.0)
    ruby-graphviz (1.2.5)
      rexml
    ruby-jing (0.1.0)
      optout (>= 0.0.2)
    ruby-ll (2.2.0)
      ansi
      ast
    ruby-progressbar (1.13.0)
    ruby2_keywords (0.0.5)
    rubyntlm (0.6.8)
      base64
    rubyzip (2.3.2)
    sawyer (0.9.3)
      addressable (>= 2.3.5)
      faraday (>= 0.17.3, < 3)
    scanf (1.0.0)
    securerandom (0.4.1)
    shacl (0.4.3)
      json-ld (~> 3.3)
      rdf (~> 3.3)
      sparql (~> 3.3)
      sxp (~> 2.0)
    socksify (1.8.1)
    sparql (3.3.2)
      builder (~> 3.2, >= 3.2.4)
      ebnf (~> 2.5)
      logger (~> 1.5)
      rdf (~> 3.3)
      rdf-aggregate-repo (~> 3.3)
      rdf-xsd (~> 3.3)
      readline (~> 0.0)
      sparql-client (~> 3.3)
      sxp (~> 2.0)
    sparql-client (3.3.0)
      net-http-persistent (~> 4.0, >= 4.0.2)
      rdf (~> 3.3)
    sqlite3 (2.9.6-aarch64-linux-gnu)
    sqlite3 (2.9.6-aarch64-linux-musl)
    sqlite3 (2.9.6-arm-linux-gnu)
    sqlite3 (2.9.6-arm-linux-musl)
    sqlite3 (2.9.6-arm64-darwin)
    sqlite3 (2.9.6-x86_64-darwin)
    sqlite3 (2.9.6-x86_64-linux-gnu)
    sqlite3 (2.9.6-x86_64-linux-musl)
    ssrf_filter (1.6.0)
    sterile (1.0.26)
      nokogiri (>= 1.11.7)
    stringio (3.2.0)
    strscan (3.1.8)
    sts (0.5.7)
      bigdecimal
      lutaml-model (~> 0.8.0)
      mml (~> 2.4.0)
    suma (0.5.4)
      expressir
      glossarist (~> 2.8, >= 2.8.7)
      lutaml-model (~> 0.8.0)
      metanorma (~> 2.3)
      plurimath
      ruby-progressbar
      rubyzip
      svg_conform (~> 0.1.0)
      table_tennis
      thor (>= 0.20)
    svg_conform (0.1.12)
      lutaml-model (~> 0.7)
      moxml (~> 0.1, >= 0.1.10)
      table_tennis
      thor
    sxp (2.0.0)
      matrix (~> 0.4)
      rdf (~> 3.3)
    sys-proctable (1.3.0)
      ffi (~> 1.1)
    table_tennis (0.0.7)
      csv (~> 3.3)
      ffi (~> 1.17)
      memo_wise (~> 1.11)
      paint (~> 2.3)
      unicode-display_width (~> 3.1)
    tbx (0.1.2)
      lutaml-model (~> 0.8.0)
    thor (1.5.0)
    thor-hollaback (0.2.1)
      hollaback (~> 0.1)
      thor (>= 0.19.1)
    thread_safe (0.3.6)
    time (0.4.2)
      date
    timeout (0.6.1)
    tokenizer (0.3.0)
    track_open_instances (0.1.15)
    twitter_cldr (6.14.0)
      base64
      camertron-eprun
      cldr-plurals-runtime-rb (~> 1.1)
      tzinfo
    tzinfo (2.0.6)
      concurrent-ruby (~> 1.0)
    tzinfo-data (1.2026.5)
      tzinfo (>= 1.0.0)
    unibuf (0.1.2)
      bindata (~> 2.5)
      lutaml-model (~> 0.7)
      parslet (~> 2.0)
      thor (~> 1.4)
    unicode-display_width (3.3.0)
      unicode-emoji (~> 4.3)
    unicode-emoji (4.3.0)
    unicode-name (1.15.1)
      unicode-types (~> 1.12)
    unicode-types (1.12.0)
    unitsdb (2.2.4)
      fuzzy_match
      logger
      lutaml-model (~> 0.8.0)
      rdf (~> 3.1)
      rdf-turtle (~> 3.1)
      rubyzip (~> 2.3)
      table_tennis (~> 0.0.7)
      thor (~> 1.0)
    unitsml (0.6.8)
      htmlentities
      lutaml-model (~> 0.8.0)
      mml (~> 2.4.0)
      ox
      parslet
      unitsdb (~> 2.2.4)
    uri (1.1.1)
    uuidtools (3.0.0)
    vectory (0.12.0)
      base64
      emfsvg (~> 0.1, >= 0.1.2)
      image_size (>= 3.2.0)
      marcel (~> 1.0)
      nokogiri (~> 1.14)
      postsvg (~> 0.3)
      thor (~> 1.0)
    w3c_api (0.3.3)
      faraday
      faraday-follow_redirects
      faraday-retry (~> 2.0)
      lutaml-hal (~> 0.2.1)
      lutaml-model (~> 0.8.0)
      nokogiri
      rainbow
      thor
    webrick (1.9.2)
    webrobots (0.1.2)
    websocket-driver (0.8.2)
      base64
      websocket-extensions (>= 0.1.0)
    websocket-extensions (0.1.5)
    word-to-markdown (1.2.1)
      cliver (~> 0.3)
      logger (~> 1.4)
      nokogiri-styles (~> 0.1)
      premailer (~> 1.8)
      reverse_markdown (>= 1, < 3)
      sys-proctable (~> 1.3)
    xmi (0.7.4)
      lutaml-model (~> 0.8.17)
      nokogiri
    yaml (0.4.0)
    yeptris (0.6.28.1-aarch64-linux)
      ffi (~> 1.15)
    yeptris (0.6.28.1-aarch64-linux-musl)
      ffi (~> 1.15)
    yeptris (0.6.28.1-arm-linux-eabihf)
      ffi (~> 1.15)
    yeptris (0.6.28.1-arm-linux-musleabihf)
      ffi (~> 1.15)
    yeptris (0.6.28.1-arm64-darwin)
      ffi (~> 1.15)
    yeptris (0.6.28.1-x86_64-darwin)
      ffi (~> 1.15)
    yeptris (0.6.28.1-x86_64-linux)
      ffi (~> 1.15)
    yeptris (0.6.28.1-x86_64-linux-musl)
      ffi (~> 1.15)

PLATFORMS
  aarch64-linux
  aarch64-linux-gnu
  aarch64-linux-musl
  arm-linux
  arm-linux-eabihf
  arm-linux-gnu
  arm-linux-musl
  arm-linux-musleabihf
  arm64-darwin
  x86_64-darwin
  x86_64-linux
  x86_64-linux-gnu
  x86_64-linux-musl

DEPENDENCIES
  metanorma-cli (= 1.17.0)

BUNDLED WITH
   2.6.9
